
Microsoft Visual Studio Solution File, Format Version 12.00
# Visual Studio Version 16
VisualStudioVersion = 16.0.30413.136
MinimumVisualStudioVersion = 10.0.40219.1
Project("{FAE04EC0-301F-11D3-BF4B-00C04F79EFBC}") = "HomeWork3", "HomeWork3\HomeWork3.csproj", "{DB06CC5D-6C1C-45E6-B5AD-273CE129A601}"
EndProject
Global
	GlobalSection(SolutionConfigurationPlatforms) = preSolution
		Debug|Any CPU = Debug|Any CPU
		Release|Any CPU = Release|Any CPU
	EndGlobalSection
	GlobalSection(ProjectConfigurationPlatforms) = postSolution
		{DB06CC5D-6C1C-45E6-B5AD-273CE129A601}.Debug|Any CPU.ActiveCfg = Debug|Any CPU
		{DB06CC5D-6C1C-45E6-B5AD-273CE129A601}.Debug|Any CPU.Build.0 = Debug|Any CPU
		{DB06CC5D-6C1C-45E6-B5AD-273CE129A601}.Release|Any CPU.ActiveCfg = Release|Any CPU
		{DB06CC5D-6C1C-45E6-B5AD-273CE129A601}.Release|Any CPU.Build.0 = Release|Any CPU
	EndGlobalSection
	GlobalSection(SolutionProperties) = preSolution
		HideSolutionNode = FALSE
	EndGlobalSection
	GlobalSection(ExtensibilityGlobals) = postSolution
		SolutionGuid = {086E082D-3E33-4398-BC5C-57F6EFA29D3D}
	EndGlobalSection
EndGlobal
